
Microsoft Visual Studio Solution File, Format Version 12.00
# Visual Studio 14
VisualStudioVersion = 14.0.24720.0
MinimumVisualStudioVersion = 10.0.40219.1
Project("{FAE04EC0-301F-11D3-BF4B-00C04F79EFBC}") = "Dropdown", "Dropdown\Dropdown.csproj", "{AE189201-1718-479E-9186-97DF66D4D5ED}"
EndProject
Global
	GlobalSection(SolutionConfigurationPlatforms) = preSolution
		Debug|Any CPU = Debug|Any CPU
		Release|Any CPU = Release|Any CPU
	EndGlobalSection
	GlobalSection(ProjectConfigurationPlatforms) = postSolution
		{AE189201-1718-479E-9186-97DF66D4D5ED}.Debug|Any CPU.ActiveCfg = Debug|Any CPU
		{AE189201-1718-479E-9186-97DF66D4D5ED}.Debug|Any CPU.Build.0 = Debug|Any CPU
		{AE189201-1718-479E-9186-97DF66D4D5ED}.Release|Any CPU.ActiveCfg = Release|Any CPU
		{AE189201-1718-479E-9186-97DF66D4D5ED}.Release|Any CPU.Build.0 = Release|Any CPU
	EndGlobalSection
	GlobalSection(SolutionProperties) = preSolution
		HideSolutionNode = FALSE
	EndGlobalSection
EndGlobal
