
Microsoft Visual Studio Solution File, Format Version 12.00
# Visual Studio 14
VisualStudioVersion = 14.0.24720.0
MinimumVisualStudioVersion = 10.0.40219.1
Project("{FAE04EC0-301F-11D3-BF4B-00C04F79EFBC}") = "Inheritance", "Inheritance\Inheritance.csproj", "{BB89FDE0-867F-47CB-BF5E-DE1E20F3D261}"
EndProject
Global
	GlobalSection(SolutionConfigurationPlatforms) = preSolution
		Debug|Any CPU = Debug|Any CPU
		Release|Any CPU = Release|Any CPU
	EndGlobalSection
	GlobalSection(ProjectConfigurationPlatforms) = postSolution
		{BB89FDE0-867F-47CB-BF5E-DE1E20F3D261}.Debug|Any CPU.ActiveCfg = Debug|Any CPU
		{BB89FDE0-867F-47CB-BF5E-DE1E20F3D261}.Debug|Any CPU.Build.0 = Debug|Any CPU
		{BB89FDE0-867F-47CB-BF5E-DE1E20F3D261}.Release|Any CPU.ActiveCfg = Release|Any CPU
		{BB89FDE0-867F-47CB-BF5E-DE1E20F3D261}.Release|Any CPU.Build.0 = Release|Any CPU
	EndGlobalSection
	GlobalSection(SolutionProperties) = preSolution
		HideSolutionNode = FALSE
	EndGlobalSection
EndGlobal
